
Microsoft Visual Studio Solution File, Format Version 12.00
# Visual Studio Version 16
VisualStudioVersion = 16.0.32002.261
MinimumVisualStudioVersion = 10.0.40219.1
Project("{FAE04EC0-301F-11D3-BF4B-00C04F79EFBC}") = "GitFun", "GitFun.csproj", "{563AFF30-F933-427E-B7E5-D8DC6659D9AD}"
EndProject
Global
	GlobalSection(SolutionConfigurationPlatforms) = preSolution
		Debug|Any CPU = Debug|Any CPU
		Release|Any CPU = Release|Any CPU
	EndGlobalSection
	GlobalSection(ProjectConfigurationPlatforms) = postSolution
		{563AFF30-F933-427E-B7E5-D8DC6659D9AD}.Debug|Any CPU.ActiveCfg = Debug|Any CPU
		{563AFF30-F933-427E-B7E5-D8DC6659D9AD}.Debug|Any CPU.Build.0 = Debug|Any CPU
		{563AFF30-F933-427E-B7E5-D8DC6659D9AD}.Release|Any CPU.ActiveCfg = Release|Any CPU
		{563AFF30-F933-427E-B7E5-D8DC6659D9AD}.Release|Any CPU.Build.0 = Release|Any CPU
	EndGlobalSection
	GlobalSection(SolutionProperties) = preSolution
		HideSolutionNode = FALSE
	EndGlobalSection
	GlobalSection(ExtensibilityGlobals) = postSolution
		SolutionGuid = {0AD7C2EC-22A3-4E92-B053-D8FA0AF68D85}
	EndGlobalSection
EndGlobal
